
Microsoft Visual Studio Solution File, Format Version 12.00
# Visual Studio Version 17
VisualStudioVersion = 17.14.36705.20
MinimumVisualStudioVersion = 10.0.40219.1
Project("{FAE04EC0-301F-11D3-BF4B-00C04F79EFBC}") = "azure_import_csv", "azure_import_csv\azure_import_csv.csproj", "{9F080E74-65B5-4827-8FE4-3535E79190FA}"
EndProject
Project("{FAE04EC0-301F-11D3-BF4B-00C04F79EFBC}") = "TestProject", "TestProject\TestProject.csproj", "{2AB1F80E-CA7F-4896-938C-4A025E8041EF}"
EndProject
Project("{FAE04EC0-301F-11D3-BF4B-00C04F79EFBC}") = "RestaurantSearch", "RestaurantSearch\RestaurantSearch.csproj", "{B4A15E8F-3FCF-478D-AA24-4B851132AFE8}"
EndProject
Global
	GlobalSection(SolutionConfigurationPlatforms) = preSolution
		Debug|Any CPU = Debug|Any CPU
		Release|Any CPU = Release|Any CPU
	EndGlobalSection
	GlobalSection(ProjectConfigurationPlatforms) = postSolution
		{9F080E74-65B5-4827-8FE4-3535E79190FA}.Debug|Any CPU.ActiveCfg = Debug|Any CPU
		{9F080E74-65B5-4827-8FE4-3535E79190FA}.Debug|Any CPU.Build.0 = Debug|Any CPU
		{9F080E74-65B5-4827-8FE4-3535E79190FA}.Release|Any CPU.ActiveCfg = Release|Any CPU
		{9F080E74-65B5-4827-8FE4-3535E79190FA}.Release|Any CPU.Build.0 = Release|Any CPU
		{2AB1F80E-CA7F-4896-938C-4A025E8041EF}.Debug|Any CPU.ActiveCfg = Debug|Any CPU
		{2AB1F80E-CA7F-4896-938C-4A025E8041EF}.Debug|Any CPU.Build.0 = Debug|Any CPU
		{2AB1F80E-CA7F-4896-938C-4A025E8041EF}.Release|Any CPU.ActiveCfg = Release|Any CPU
		{2AB1F80E-CA7F-4896-938C-4A025E8041EF}.Release|Any CPU.Build.0 = Release|Any CPU
		{B4A15E8F-3FCF-478D-AA24-4B851132AFE8}.Debug|Any CPU.ActiveCfg = Debug|Any CPU
		{B4A15E8F-3FCF-478D-AA24-4B851132AFE8}.Debug|Any CPU.Build.0 = Debug|Any CPU
		{B4A15E8F-3FCF-478D-AA24-4B851132AFE8}.Release|Any CPU.ActiveCfg = Release|Any CPU
		{B4A15E8F-3FCF-478D-AA24-4B851132AFE8}.Release|Any CPU.Build.0 = Release|Any CPU
	EndGlobalSection
	GlobalSection(SolutionProperties) = preSolution
		HideSolutionNode = FALSE
	EndGlobalSection
	GlobalSection(ExtensibilityGlobals) = postSolution
		SolutionGuid = {25C1735B-5FCA-42CB-ABF9-2F71BA0FBC90}
	EndGlobalSection
EndGlobal
